
Microsoft Visual Studio Solution File, Format Version 12.00
# Visual Studio 15
VisualStudioVersion = 15.0.26730.12
MinimumVisualStudioVersion = 10.0.40219.1
Project("{FAE04EC0-301F-11D3-BF4B-00C04F79EFBC}") = "MessagingWithCodeFirst", "MessagingWithCodeFirst\MessagingWithCodeFirst.csproj", "{2FD462FB-BA23-415A-A36C-8753D937C4BA}"
EndProject
Global
	GlobalSection(SolutionConfigurationPlatforms) = preSolution
		Debug|Any CPU = Debug|Any CPU
		Release|Any CPU = Release|Any CPU
	EndGlobalSection
	GlobalSection(ProjectConfigurationPlatforms) = postSolution
		{2FD462FB-BA23-415A-A36C-8753D937C4BA}.Debug|Any CPU.ActiveCfg = Debug|Any CPU
		{2FD462FB-BA23-415A-A36C-8753D937C4BA}.Debug|Any CPU.Build.0 = Debug|Any CPU
		{2FD462FB-BA23-415A-A36C-8753D937C4BA}.Release|Any CPU.ActiveCfg = Release|Any CPU
		{2FD462FB-BA23-415A-A36C-8753D937C4BA}.Release|Any CPU.Build.0 = Release|Any CPU
	EndGlobalSection
	GlobalSection(SolutionProperties) = preSolution
		HideSolutionNode = FALSE
	EndGlobalSection
	GlobalSection(ExtensibilityGlobals) = postSolution
		SolutionGuid = {4954A3C6-6F9E-45CF-97FA-2D7744D39039}
	EndGlobalSection
EndGlobal
